{
    "_readme": [
        "This file locks the dependencies of your project to a known state",
        "Read more about it at https://getcomposer.org/doc/01-basic-usage.md#installing-dependencies",
        "This file is @generated automatically"
    ],
    "content-hash": "8324e206f9797a99feb152878174afcb",
    "packages": [
        {
            "name": "azjezz/psl",
            "version": "1.7.1",
            "source": {
                "type": "git",
                "url": "https://github.com/azjezz/psl.git",
                "reference": "edf5ba8c9bc5cdca5aff79f38e5effd23621b163"
            },
            "dist": {
                "type": "zip",
                "url": "https://api.github.com/repos/azjezz/psl/zipball/edf5ba8c9bc5cdca5aff79f38e5effd23621b163",
                "reference": "edf5ba8c9bc5cdca5aff79f38e5effd23621b163",
                "shasum": ""
            },
            "require": {
                "ext-bcmath": "*",
                "ext-intl": "*",
                "ext-json": "*",
                "ext-mbstring": "*",
                "ext-sodium": "*",
                "php": "^8.0"
            },
            "type": "library",
            "extra": {
                "psalm": {
                    "pluginClass": "Psl\\Integration\\Psalm\\Plugin"
                },
                "thanks": {
                    "name": "hhvm/hsl",
                    "url": "https://github.com/hhvm/hsl"
                }
            },
            "autoload": {
                "psr-4": {
                    "Psl\\Integration\\": "integration"
                },
                "files": [
                    "src/bootstrap.php"
                ]
            },
            "notification-url": "https://packagist.org/downloads/",
            "license": [
                "MIT"
            ],
            "authors": [
                {
                    "name": "azjezz",
                    "email": "azjezz@protonmail.com"
                }
            ],
            "description": "PHP Standard Library",
            "support": {
                "issues": "https://github.com/azjezz/psl/issues",
                "source": "https://github.com/azjezz/psl/tree/1.7.1"
            },
            "time": "2021-05-19T11:55:09+00:00"
        },
        {
            "name": "goetas-webservices/xsd-reader",
            "version": "dev-devdeps",
            "source": {
                "type": "git",
                "url": "https://github.com/veewee/xsd-reader.git",
                "reference": "c58547c019c09666869beb0fb3555015272b9082"
            },
            "require": {
                "php": "^7.1|^8.0"
            },
            "require-dev": {
                "friendsofphp/php-cs-fixer": "^2.10",
                "phpstan/phpstan": "^0.12",
                "phpunit/phpunit": "^7.0|^8.0|^9.0",
                "sebastian/phpcpd": "^4.0|^5.0|^6.0",
                "vimeo/psalm": "^3.14"
            },
            "type": "library",
            "extra": {
                "branch-alias": {
                    "dev-master": "0.3-dev"
                }
            },
            "autoload": {
                "psr-4": {
                    "GoetasWebservices\\CS\\": "./php-cs-fixer/",
                    "GoetasWebservices\\XML\\XSDReader\\": "src/"
                }
            },
            "autoload-dev": {
                "psr-4": {
                    "GoetasWebservices\\XML\\XSDReader\\Tests\\": "tests/"
                }
            },
            "scripts": {
                "php-cs-fixer": [
                    "php ./vendor/friendsofphp/php-cs-fixer/php-cs-fixer fix --verbose --allow-risky=yes --dry-run"
                ],
                "tests": [
                    "php ./vendor/phpunit/phpunit/phpunit -v",
                    "php ./vendor/phpstan/phpstan/bin/phpstan analyse -c ./phpstan.neon src",
                    "php ./vendor/vimeo/psalm/psalm",
                    "php ./vendor/sebastian/phpcpd/phpcpd ./src/"
                ]
            },
            "license": [
                "MIT"
            ],
            "authors": [
                {
                    "name": "Asmir Mustafic",
                    "email": "goetas@lignano.it"
                }
            ],
            "description": "Read any XML Schema (XSD) programmatically with PHP",
            "keywords": [
                "parser",
                "php",
                "xml",
                "xmlschema",
                "xsd"
            ],
            "time": "2021-05-21T13:01:07+00:00"
        },
        {
            "name": "league/uri",
            "version": "6.4.0",
            "source": {
                "type": "git",
                "url": "https://github.com/thephpleague/uri.git",
                "reference": "09da64118eaf4c5d52f9923a1e6a5be1da52fd9a"
            },
            "dist": {
                "type": "zip",
                "url": "https://api.github.com/repos/thephpleague/uri/zipball/09da64118eaf4c5d52f9923a1e6a5be1da52fd9a",
                "reference": "09da64118eaf4c5d52f9923a1e6a5be1da52fd9a",
                "shasum": ""
            },
            "require": {
                "ext-json": "*",
                "league/uri-interfaces": "^2.1",
                "php": ">=7.2",
                "psr/http-message": "^1.0"
            },
            "conflict": {
                "league/uri-schemes": "^1.0"
            },
            "require-dev": {
                "friendsofphp/php-cs-fixer": "^2.16",
                "phpstan/phpstan": "^0.12",
                "phpstan/phpstan-phpunit": "^0.12",
                "phpstan/phpstan-strict-rules": "^0.12",
                "phpunit/phpunit": "^8.0 || ^9.0",
                "psr/http-factory": "^1.0"
            },
            "suggest": {
                "ext-fileinfo": "Needed to create Data URI from a filepath",
                "ext-intl": "Needed to improve host validation",
                "league/uri-components": "Needed to easily manipulate URI objects",
                "psr/http-factory": "Needed to use the URI factory"
            },
            "type": "library",
            "extra": {
                "branch-alias": {
                    "dev-master": "6.x-dev"
                }
            },
            "autoload": {
                "psr-4": {
                    "League\\Uri\\": "src"
                }
            },
            "notification-url": "https://packagist.org/downloads/",
            "license": [
                "MIT"
            ],
            "authors": [
                {
                    "name": "Ignace Nyamagana Butera",
                    "email": "nyamsprod@gmail.com",
                    "homepage": "https://nyamsprod.com"
                }
            ],
            "description": "URI manipulation library",
            "homepage": "http://uri.thephpleague.com",
            "keywords": [
                "data-uri",
                "file-uri",
                "ftp",
                "hostname",
                "http",
                "https",
                "middleware",
                "parse_str",
                "parse_url",
                "psr-7",
                "query-string",
                "querystring",
                "rfc3986",
                "rfc3987",
                "rfc6570",
                "uri",
                "uri-template",
                "url",
                "ws"
            ],
            "support": {
                "docs": "https://uri.thephpleague.com",
                "forum": "https://thephpleague.slack.com",
                "issues": "https://github.com/thephpleague/uri/issues",
                "source": "https://github.com/thephpleague/uri/tree/6.4.0"
            },
            "funding": [
                {
                    "url": "https://github.com/sponsors/nyamsprod",
                    "type": "github"
                }
            ],
            "time": "2020-11-22T14:29:11+00:00"
        },
        {
            "name": "league/uri-components",
            "version": "2.3.0",
            "source": {
                "type": "git",
                "url": "https://github.com/thephpleague/uri-components.git",
                "reference": "14540a610ba5b70a7daf83582a109291baa004d0"
            },
            "dist": {
                "type": "zip",
                "url": "https://api.github.com/repos/thephpleague/uri-components/zipball/14540a610ba5b70a7daf83582a109291baa004d0",
                "reference": "14540a610ba5b70a7daf83582a109291baa004d0",
                "shasum": ""
            },
            "require": {
                "ext-json": "*",
                "league/uri-interfaces": "^2.1",
                "php": "^7.3 || ^8.0",
                "psr/http-message": "^1.0"
            },
            "require-dev": {
                "friendsofphp/php-cs-fixer": "^2.18",
                "guzzlehttp/psr7": "^1.4.2",
                "laminas/laminas-diactoros": "^2.0",
                "league/uri": "^6.0",
                "phpstan/phpstan": "^0.12",
                "phpstan/phpstan-phpunit": "^0.12",
                "phpstan/phpstan-strict-rules": "^0.12",
                "phpunit/phpunit": "^9.0"
            },
            "suggest": {
                "ext-fileinfo": "Needed to create Data URI from a filepath",
                "ext-gmp": "to improve handle IPV4 parsing",
                "ext-intl": "to handle IDN host",
                "jeremykendall/php-domain-parser": "Public Suffix and Top Level Domain parsing implemented in PHP",
                "league/uri": "to allow manipulating URI objects",
                "php-64bit": "to improve handle IPV4 parsing",
                "psr/http-message-implementation": "to allow manipulating PSR-7 Uri objects"
            },
            "type": "library",
            "extra": {
                "branch-alias": {
                    "dev-master": "2.x-dev"
                }
            },
            "autoload": {
                "psr-4": {
                    "League\\Uri\\": "src"
                }
            },
            "notification-url": "https://packagist.org/downloads/",
            "license": [
                "MIT"
            ],
            "authors": [
                {
                    "name": "Ignace Nyamagana Butera",
                    "email": "nyamsprod@gmail.com",
                    "homepage": "https://nyamsprod.com"
                }
            ],
            "description": "URI components manipulation library",
            "homepage": "http://uri.thephpleague.com",
            "keywords": [
                "authority",
                "components",
                "fragment",
                "host",
                "path",
                "port",
                "query",
                "rfc3986",
                "scheme",
                "uri",
                "url",
                "userinfo"
            ],
            "support": {
                "issues": "https://github.com/thephpleague/uri-components/issues",
                "source": "https://github.com/thephpleague/uri-components/tree/2.3.0"
            },
            "funding": [
                {
                    "url": "https://github.com/nyamsprod",
                    "type": "github"
                }
            ],
            "time": "2021-01-26T19:38:41+00:00"
        },
        {
            "name": "league/uri-interfaces",
            "version": "2.2.0",
            "source": {
                "type": "git",
                "url": "https://github.com/thephpleague/uri-interfaces.git",
                "reference": "667f150e589d65d79c89ffe662e426704f84224f"
            },
            "dist": {
                "type": "zip",
                "url": "https://api.github.com/repos/thephpleague/uri-interfaces/zipball/667f150e589d65d79c89ffe662e426704f84224f",
                "reference": "667f150e589d65d79c89ffe662e426704f84224f",
                "shasum": ""
            },
            "require": {
                "ext-json": "*",
                "php": "^7.1 || ^8.0"
            },
            "require-dev": {
                "friendsofphp/php-cs-fixer": "^2.0",
                "phpstan/phpstan": "^0.12",
                "phpstan/phpstan-phpunit": "^0.12",
                "phpstan/phpstan-strict-rules": "^0.12"
            },
            "type": "library",
            "extra": {
                "branch-alias": {
                    "dev-master": "2.x-dev"
                }
            },
            "autoload": {
                "psr-4": {
                    "League\\Uri\\": "src/"
                }
            },
            "notification-url": "https://packagist.org/downloads/",
            "license": [
                "MIT"
            ],
            "authors": [
                {
                    "name": "Ignace Nyamagana Butera",
                    "email": "nyamsprod@gmail.com",
                    "homepage": "https://nyamsprod.com"
                }
            ],
            "description": "Common interface for URI representation",
            "homepage": "http://github.com/thephpleague/uri-interfaces",
            "keywords": [
                "rfc3986",
                "rfc3987",
                "uri",
                "url"
            ],
            "support": {
                "issues": "https://github.com/thephpleague/uri-interfaces/issues",
                "source": "https://github.com/thephpleague/uri-interfaces/tree/2.2.0"
            },
            "funding": [
                {
                    "url": "https://github.com/sponsors/nyamsprod",
                    "type": "github"
                }
            ],
            "time": "2020-10-31T13:45:51+00:00"
        },
        {
            "name": "psr/http-message",
            "version": "1.0.1",
            "source": {
                "type": "git",
                "url": "https://github.com/php-fig/http-message.git",
                "reference": "f6561bf28d520154e4b0ec72be95418abe6d9363"
            },
            "dist": {
                "type": "zip",
                "url": "https://api.github.com/repos/php-fig/http-message/zipball/f6561bf28d520154e4b0ec72be95418abe6d9363",
                "reference": "f6561bf28d520154e4b0ec72be95418abe6d9363",
                "shasum": ""
            },
            "require": {
                "php": ">=5.3.0"
            },
            "type": "library",
            "extra": {
                "branch-alias": {
                    "dev-master": "1.0.x-dev"
                }
            },
            "autoload": {
                "psr-4": {
                    "Psr\\Http\\Message\\": "src/"
                }
            },
            "notification-url": "https://packagist.org/downloads/",
            "license": [
                "MIT"
            ],
            "authors": [
                {
                    "name": "PHP-FIG",
                    "homepage": "http://www.php-fig.org/"
                }
            ],
            "description": "Common interface for HTTP messages",
            "homepage": "https://github.com/php-fig/http-message",
            "keywords": [
                "http",
                "http-message",
                "psr",
                "psr-7",
                "request",
                "response"
            ],
            "support": {
                "source": "https://github.com/php-fig/http-message/tree/master"
            },
            "time": "2016-08-06T14:39:51+00:00"
        },
        {
            "name": "symfony/polyfill-ctype",
            "version": "v1.22.1",
            "source": {
                "type": "git",
                "url": "https://github.com/symfony/polyfill-ctype.git",
                "reference": "c6c942b1ac76c82448322025e084cadc56048b4e"
            },
            "dist": {
                "type": "zip",
                "url": "https://api.github.com/repos/symfony/polyfill-ctype/zipball/c6c942b1ac76c82448322025e084cadc56048b4e",
                "reference": "c6c942b1ac76c82448322025e084cadc56048b4e",
                "shasum": ""
            },
            "require": {
                "php": ">=7.1"
            },
            "suggest": {
                "ext-ctype": "For best performance"
            },
            "type": "library",
            "extra": {
                "branch-alias": {
                    "dev-main": "1.22-dev"
                },
                "thanks": {
                    "name": "symfony/polyfill",
                    "url": "https://github.com/symfony/polyfill"
                }
            },
            "autoload": {
                "psr-4": {
                    "Symfony\\Polyfill\\Ctype\\": ""
                },
                "files": [
                    "bootstrap.php"
                ]
            },
            "notification-url": "https://packagist.org/downloads/",
            "license": [
                "MIT"
            ],
            "authors": [
                {
                    "name": "Gert de Pagter",
                    "email": "BackEndTea@gmail.com"
                },
                {
                    "name": "Symfony Community",
                    "homepage": "https://symfony.com/contributors"
                }
            ],
            "description": "Symfony polyfill for ctype functions",
            "homepage": "https://symfony.com",
            "keywords": [
                "compatibility",
                "ctype",
                "polyfill",
                "portable"
            ],
            "support": {
                "source": "https://github.com/symfony/polyfill-ctype/tree/v1.22.1"
            },
            "funding": [
                {
                    "url": "https://symfony.com/sponsor",
                    "type": "custom"
                },
                {
                    "url": "https://github.com/fabpot",
                    "type": "github"
                },
                {
                    "url": "https://tidelift.com/funding/github/packagist/symfony/symfony",
                    "type": "tidelift"
                }
            ],
            "time": "2021-01-07T16:49:33+00:00"
        },
        {
            "name": "veewee/xml",
            "version": "v0.6.0",
            "source": {
                "type": "git",
                "url": "https://github.com/veewee/xml.git",
                "reference": "86b7d0fd64a3ecacb6a1b527c4201918f5abac1d"
            },
            "dist": {
                "type": "zip",
                "url": "https://api.github.com/repos/veewee/xml/zipball/86b7d0fd64a3ecacb6a1b527c4201918f5abac1d",
                "reference": "86b7d0fd64a3ecacb6a1b527c4201918f5abac1d",
                "shasum": ""
            },
            "require": {
                "azjezz/psl": "^1.6",
                "ext-dom": "*",
                "ext-libxml": "*",
                "ext-xml": "*",
                "ext-xmlreader": "*",
                "ext-xmlwriter": "*",
                "ext-xsl": "*",
                "php": "^8.0",
                "webmozart/assert": "^1.9"
            },
            "require-dev": {
                "symfony/finder": "^5.2",
                "veewee/composer-run-parallel": "^1.0.0"
            },
            "type": "library",
            "autoload": {
                "psr-4": {
                    "VeeWee\\Xml\\": "src/Xml"
                },
                "files": [
                    "src/bootstrap.php"
                ]
            },
            "notification-url": "https://packagist.org/downloads/",
            "license": [
                "MIT"
            ],
            "authors": [
                {
                    "name": "Toon Verwerft",
                    "email": "toonverwerft@gmail.com"
                }
            ],
            "description": "XML without worries",
            "keywords": [
                "Xpath",
                "array-to-xml",
                "dom",
                "dom-manipulation",
                "reader",
                "writer",
                "xml",
                "xml-to-array",
                "xml_decode",
                "xml_encode",
                "xsd",
                "xslt"
            ],
            "support": {
                "issues": "https://github.com/veewee/xml/issues",
                "source": "https://github.com/veewee/xml/tree/v0.6.0"
            },
            "funding": [
                {
                    "url": "https://github.com/veewee",
                    "type": "github"
                }
            ],
            "time": "2021-05-21T11:23:05+00:00"
        },
        {
            "name": "webmozart/assert",
            "version": "1.10.0",
            "source": {
                "type": "git",
                "url": "https://github.com/webmozarts/assert.git",
                "reference": "6964c76c7804814a842473e0c8fd15bab0f18e25"
            },
            "dist": {
                "type": "zip",
                "url": "https://api.github.com/repos/webmozarts/assert/zipball/6964c76c7804814a842473e0c8fd15bab0f18e25",
                "reference": "6964c76c7804814a842473e0c8fd15bab0f18e25",
                "shasum": ""
            },
            "require": {
                "php": "^7.2 || ^8.0",
                "symfony/polyfill-ctype": "^1.8"
            },
            "conflict": {
                "phpstan/phpstan": "<0.12.20",
                "vimeo/psalm": "<4.6.1 || 4.6.2"
            },
            "require-dev": {
                "phpunit/phpunit": "^8.5.13"
            },
            "type": "library",
            "extra": {
                "branch-alias": {
                    "dev-master": "1.10-dev"
                }
            },
            "autoload": {
                "psr-4": {
                    "Webmozart\\Assert\\": "src/"
                }
            },
            "notification-url": "https://packagist.org/downloads/",
            "license": [
                "MIT"
            ],
            "authors": [
                {
                    "name": "Bernhard Schussek",
                    "email": "bschussek@gmail.com"
                }
            ],
            "description": "Assertions to validate method input/output with nice error messages.",
            "keywords": [
                "assert",
                "check",
                "validate"
            ],
            "support": {
                "issues": "https://github.com/webmozarts/assert/issues",
                "source": "https://github.com/webmozarts/assert/tree/1.10.0"
            },
            "time": "2021-03-09T10:59:23+00:00"
        }
    ],
    "packages-dev": [
        {
            "name": "symfony/polyfill-mbstring",
            "version": "v1.22.1",
            "source": {
                "type": "git",
                "url": "https://github.com/symfony/polyfill-mbstring.git",
                "reference": "5232de97ee3b75b0360528dae24e73db49566ab1"
            },
            "dist": {
                "type": "zip",
                "url": "https://api.github.com/repos/symfony/polyfill-mbstring/zipball/5232de97ee3b75b0360528dae24e73db49566ab1",
                "reference": "5232de97ee3b75b0360528dae24e73db49566ab1",
                "shasum": ""
            },
            "require": {
                "php": ">=7.1"
            },
            "suggest": {
                "ext-mbstring": "For best performance"
            },
            "type": "library",
            "extra": {
                "branch-alias": {
                    "dev-main": "1.22-dev"
                },
                "thanks": {
                    "name": "symfony/polyfill",
                    "url": "https://github.com/symfony/polyfill"
                }
            },
            "autoload": {
                "psr-4": {
                    "Symfony\\Polyfill\\Mbstring\\": ""
                },
                "files": [
                    "bootstrap.php"
                ]
            },
            "notification-url": "https://packagist.org/downloads/",
            "license": [
                "MIT"
            ],
            "authors": [
                {
                    "name": "Nicolas Grekas",
                    "email": "p@tchwork.com"
                },
                {
                    "name": "Symfony Community",
                    "homepage": "https://symfony.com/contributors"
                }
            ],
            "description": "Symfony polyfill for the Mbstring extension",
            "homepage": "https://symfony.com",
            "keywords": [
                "compatibility",
                "mbstring",
                "polyfill",
                "portable",
                "shim"
            ],
            "support": {
                "source": "https://github.com/symfony/polyfill-mbstring/tree/v1.22.1"
            },
            "funding": [
                {
                    "url": "https://symfony.com/sponsor",
                    "type": "custom"
                },
                {
                    "url": "https://github.com/fabpot",
                    "type": "github"
                },
                {
                    "url": "https://tidelift.com/funding/github/packagist/symfony/symfony",
                    "type": "tidelift"
                }
            ],
            "time": "2021-01-22T09:19:47+00:00"
        },
        {
            "name": "symfony/polyfill-php80",
            "version": "v1.22.1",
            "source": {
                "type": "git",
                "url": "https://github.com/symfony/polyfill-php80.git",
                "reference": "dc3063ba22c2a1fd2f45ed856374d79114998f91"
            },
            "dist": {
                "type": "zip",
                "url": "https://api.github.com/repos/symfony/polyfill-php80/zipball/dc3063ba22c2a1fd2f45ed856374d79114998f91",
                "reference": "dc3063ba22c2a1fd2f45ed856374d79114998f91",
                "shasum": ""
            },
            "require": {
                "php": ">=7.1"
            },
            "type": "library",
            "extra": {
                "branch-alias": {
                    "dev-main": "1.22-dev"
                },
                "thanks": {
                    "name": "symfony/polyfill",
                    "url": "https://github.com/symfony/polyfill"
                }
            },
            "autoload": {
                "psr-4": {
                    "Symfony\\Polyfill\\Php80\\": ""
                },
                "files": [
                    "bootstrap.php"
                ],
                "classmap": [
                    "Resources/stubs"
                ]
            },
            "notification-url": "https://packagist.org/downloads/",
            "license": [
                "MIT"
            ],
            "authors": [
                {
                    "name": "Ion Bazan",
                    "email": "ion.bazan@gmail.com"
                },
                {
                    "name": "Nicolas Grekas",
                    "email": "p@tchwork.com"
                },
                {
                    "name": "Symfony Community",
                    "homepage": "https://symfony.com/contributors"
                }
            ],
            "description": "Symfony polyfill backporting some PHP 8.0+ features to lower PHP versions",
            "homepage": "https://symfony.com",
            "keywords": [
                "compatibility",
                "polyfill",
                "portable",
                "shim"
            ],
            "support": {
                "source": "https://github.com/symfony/polyfill-php80/tree/v1.22.1"
            },
            "funding": [
                {
                    "url": "https://symfony.com/sponsor",
                    "type": "custom"
                },
                {
                    "url": "https://github.com/fabpot",
                    "type": "github"
                },
                {
                    "url": "https://tidelift.com/funding/github/packagist/symfony/symfony",
                    "type": "tidelift"
                }
            ],
            "time": "2021-01-07T16:49:33+00:00"
        },
        {
            "name": "symfony/var-dumper",
            "version": "v5.2.8",
            "source": {
                "type": "git",
                "url": "https://github.com/symfony/var-dumper.git",
                "reference": "d693200a73fae179d27f8f1b16b4faf3e8569eba"
            },
            "dist": {
                "type": "zip",
                "url": "https://api.github.com/repos/symfony/var-dumper/zipball/d693200a73fae179d27f8f1b16b4faf3e8569eba",
                "reference": "d693200a73fae179d27f8f1b16b4faf3e8569eba",
                "shasum": ""
            },
            "require": {
                "php": ">=7.2.5",
                "symfony/polyfill-mbstring": "~1.0",
                "symfony/polyfill-php80": "^1.15"
            },
            "conflict": {
                "phpunit/phpunit": "<5.4.3",
                "symfony/console": "<4.4"
            },
            "require-dev": {
                "ext-iconv": "*",
                "symfony/console": "^4.4|^5.0",
                "symfony/process": "^4.4|^5.0",
                "twig/twig": "^2.13|^3.0.4"
            },
            "suggest": {
                "ext-iconv": "To convert non-UTF-8 strings to UTF-8 (or symfony/polyfill-iconv in case ext-iconv cannot be used).",
                "ext-intl": "To show region name in time zone dump",
                "symfony/console": "To use the ServerDumpCommand and/or the bin/var-dump-server script"
            },
            "bin": [
                "Resources/bin/var-dump-server"
            ],
            "type": "library",
            "autoload": {
                "files": [
                    "Resources/functions/dump.php"
                ],
                "psr-4": {
                    "Symfony\\Component\\VarDumper\\": ""
                },
                "exclude-from-classmap": [
                    "/Tests/"
                ]
            },
            "notification-url": "https://packagist.org/downloads/",
            "license": [
                "MIT"
            ],
            "authors": [
                {
                    "name": "Nicolas Grekas",
                    "email": "p@tchwork.com"
                },
                {
                    "name": "Symfony Community",
                    "homepage": "https://symfony.com/contributors"
                }
            ],
            "description": "Provides mechanisms for walking through any arbitrary PHP variable",
            "homepage": "https://symfony.com",
            "keywords": [
                "debug",
                "dump"
            ],
            "support": {
                "source": "https://github.com/symfony/var-dumper/tree/v5.2.8"
            },
            "funding": [
                {
                    "url": "https://symfony.com/sponsor",
                    "type": "custom"
                },
                {
                    "url": "https://github.com/fabpot",
                    "type": "github"
                },
                {
                    "url": "https://tidelift.com/funding/github/packagist/symfony/symfony",
                    "type": "tidelift"
                }
            ],
            "time": "2021-05-07T13:42:21+00:00"
        },
        {
            "name": "veewee/composer-run-parallel",
            "version": "v1.0.0",
            "source": {
                "type": "git",
                "url": "https://github.com/veewee/composer-run-parallel.git",
                "reference": "e776154c2910cdc0b3b4400196fd2aa0b3da7251"
            },
            "dist": {
                "type": "zip",
                "url": "https://api.github.com/repos/veewee/composer-run-parallel/zipball/e776154c2910cdc0b3b4400196fd2aa0b3da7251",
                "reference": "e776154c2910cdc0b3b4400196fd2aa0b3da7251",
                "shasum": ""
            },
            "require": {
                "composer-plugin-api": "~2.0",
                "php": "^7.4 || ^8.0"
            },
            "require-dev": {
                "composer/composer": "^2.0",
                "react/promise": "1.2.1",
                "symfony/process": "2.8.52"
            },
            "type": "composer-plugin",
            "extra": {
                "class": "ComposerRunParallel\\ParallelPlugin"
            },
            "autoload": {
                "psr-4": {
                    "ComposerRunParallel\\": "src/"
                }
            },
            "notification-url": "https://packagist.org/downloads/",
            "license": [
                "MIT"
            ],
            "authors": [
                {
                    "name": "Toon Verwerft",
                    "email": "toonverwerft@gmail.com"
                }
            ],
            "description": "Run composer tasks in parallel",
            "keywords": [
                "composer",
                "parallel",
                "plugin",
                "run",
                "taskmanager"
            ],
            "support": {
                "issues": "https://github.com/veewee/composer-run-parallel/issues",
                "source": "https://github.com/veewee/composer-run-parallel/tree/v1.0.0"
            },
            "time": "2020-12-02T08:56:04+00:00"
        }
    ],
    "aliases": [],
    "minimum-stability": "stable",
    "stability-flags": {
        "goetas-webservices/xsd-reader": 20
    },
    "prefer-stable": false,
    "prefer-lowest": false,
    "platform": [],
    "platform-dev": [],
    "plugin-api-version": "2.1.0"
}
